{
  "name": "react-typescript",
  "version": "0.1.0",
  "lockfileVersion": 2,
  "requires": true,
  "packages": {
    "": {
      "name": "react-typescript",
      "version": "0.1.0",
      "dependencies": {
        "next": "^13.4.6"
      },
      "devDependencies": {
        "@types/node": "20.3.1",
        "@types/react": "18.2.13",
        "typescript": "5.1.3"
      }
    },
    "node_modules/@next/env": {
      "version": "13.4.6",
      "resolved": "https://artifactory.g.devqa.gcp.dev.paypalinc.com/artifactory/api/npm/npm-all/@next/env/-/env-13.4.6.tgz",
      "integrity": "sha1-PyBBx3WGYNclVweuTLkWZRkRPeo=",
      "license": "MIT"
    },
    "node_modules/@next/swc-darwin-arm64": {
      "version": "13.4.6",
      "resolved": "https://artifactory.g.devqa.gcp.dev.paypalinc.com/artifactory/api/npm/npm-all/@next/swc-darwin-arm64/-/swc-darwin-arm64-13.4.6.tgz",
      "integrity": "sha1-R0hfPeruZoG0pANsdLucS3KNXd0=",
      "cpu": [
        "arm64"
      ],
      "license": "MIT",
      "optional": true,
      "os": [
        "darwin"
      ],
      "engines": {
        "node": ">= 10"
      }
    },
    "node_modules/@next/swc-darwin-x64": {
      "version": "13.4.6",
      "resolved": "https://artifactory.g.devqa.gcp.dev.paypalinc.com/artifactory/api/npm/npm-all/@next/swc-darwin-x64/-/swc-darwin-x64-13.4.6.tgz",
      "integrity": "sha1-pqWyMuwPIHkiT7jta/EdxHmvGs8=",
      "cpu": [
        "x64"
      ],
      "license": "MIT",
      "optional": true,
      "os": [
        "darwin"
      ],
      "engines": {
        "node": ">= 10"
      }
    },
    "node_modules/@next/swc-linux-arm64-gnu": {
      "version": "13.4.6",
      "resolved": "https://artifactory.g.devqa.gcp.dev.paypalinc.com/artifactory/api/npm/npm-all/@next/swc-linux-arm64-gnu/-/swc-linux-arm64-gnu-13.4.6.tgz",
      "integrity": "sha1-KmcUToY9nEX9vRPHgnNw5/KihAU=",
      "cpu": [
        "arm64"
      ],
      "license": "MIT",
      "optional": true,
      "os": [
        "linux"
      ],
      "engines": {
        "node": ">= 10"
      }
    },
    "node_modules/@next/swc-linux-arm64-musl": {
      "version": "13.4.6",
      "resolved": "https://artifactory.g.devqa.gcp.dev.paypalinc.com/artifactory/api/npm/npm-all/@next/swc-linux-arm64-musl/-/swc-linux-arm64-musl-13.4.6.tgz",
      "integrity": "sha1-Whkaw1dacFmOnpxucmT8C4qQsts=",
      "cpu": [
        "arm64"
      ],
      "license": "MIT",
      "optional": true,
      "os": [
        "linux"
      ],
      "engines": {
        "node": ">= 10"
      }
    },
    "node_modules/@next/swc-linux-x64-gnu": {
      "version": "13.4.6",
      "resolved": "https://artifactory.g.devqa.gcp.dev.paypalinc.com/artifactory/api/npm/npm-all/@next/swc-linux-x64-gnu/-/swc-linux-x64-gnu-13.4.6.tgz",
      "integrity": "sha1-04rfhCqLj53kkkVDKP0yosUzUPM=",
      "cpu": [
        "x64"
      ],
      "license": "MIT",
      "optional": true,
      "os": [
        "linux"
      ],
      "engines": {
        "node": ">= 10"
      }
    },
    "node_modules/@next/swc-linux-x64-musl": {
      "version": "13.4.6",
      "resolved": "https://artifactory.g.devqa.gcp.dev.paypalinc.com/artifactory/api/npm/npm-all/@next/swc-linux-x64-musl/-/swc-linux-x64-musl-13.4.6.tgz",
      "integrity": "sha1-dMdFd0NYt4vn+VjnqLfZOTbNbrw=",
      "cpu": [
        "x64"
      ],
      "license": "MIT",
      "optional": true,
      "os": [
        "linux"
      ],
      "engines": {
        "node": ">= 10"
      }
    },
    "node_modules/@next/swc-win32-arm64-msvc": {
      "version": "13.4.6",
      "resolved": "https://artifactory.g.devqa.gcp.dev.paypalinc.com/artifactory/api/npm/npm-all/@next/swc-win32-arm64-msvc/-/swc-win32-arm64-msvc-13.4.6.tgz",
      "integrity": "sha1-Hh4CwXVXPmSAj8Gn6GUOPiF/Htw=",
      "cpu": [
        "arm64"
      ],
      "license": "MIT",
      "optional": true,
      "os": [
        "win32"
      ],
      "engines": {
        "node": ">= 10"
      }
    },
    "node_modules/@next/swc-win32-ia32-msvc": {
      "version": "13.4.6",
      "resolved": "https://artifactory.g.devqa.gcp.dev.paypalinc.com/artifactory/api/npm/npm-all/@next/swc-win32-ia32-msvc/-/swc-win32-ia32-msvc-13.4.6.tgz",
      "integrity": "sha1-K1KK4+x/bnJ/Tw2BoQFfY9pVx6Y=",
      "cpu": [
        "ia32"
      ],
      "license": "MIT",
      "optional": true,
      "os": [
        "win32"
      ],
      "engines": {
        "node": ">= 10"
      }
    },
    "node_modules/@next/swc-win32-x64-msvc": {
      "version": "13.4.6",
      "resolved": "https://artifactory.g.devqa.gcp.dev.paypalinc.com/artifactory/api/npm/npm-all/@next/swc-win32-x64-msvc/-/swc-win32-x64-msvc-13.4.6.tgz",
      "integrity": "sha1-OGIL1oJn/xPlDs1DLxgi6sUTgqg=",
      "cpu": [
        "x64"
      ],
      "license": "MIT",
      "optional": true,
      "os": [
        "win32"
      ],
      "engines": {
        "node": ">= 10"
      }
    },
    "node_modules/@swc/helpers": {
      "version": "0.5.1",
      "resolved": "https://artifactory.g.devqa.gcp.dev.paypalinc.com/artifactory/api/npm/npm-all/@swc/helpers/-/helpers-0.5.1.tgz",
      "integrity": "sha1-6QMUkao/Jr/Ml0pn9IvUVsilNXo=",
      "license": "Apache-2.0",
      "dependencies": {
        "tslib": "^2.4.0"
      }
    },
    "node_modules/@types/node": {
      "version": "20.3.1",
      "resolved": "https://artifactory.g.devqa.gcp.dev.paypalinc.com/artifactory/api/npm/npm-all/@types/node/-/node-20.3.1.tgz",
      "integrity": "sha1-6Kg/Gqi2STd7sftde6xcuQ54Tf4=",
      "dev": true,
      "license": "MIT"
    },
    "node_modules/@types/prop-types": {
      "version": "15.7.5",
      "resolved": "https://artifactory.g.devqa.gcp.dev.paypalinc.com/artifactory/api/npm/npm-all/@types/prop-types/-/prop-types-15.7.5.tgz",
      "integrity": "sha1-XxnSuFqY6VWANvajysyIGUIPBc8=",
      "dev": true,
      "license": "MIT"
    },
    "node_modules/@types/react": {
      "version": "18.2.13",
      "resolved": "https://artifactory.g.devqa.gcp.dev.paypalinc.com/artifactory/api/npm/npm-all/@types/react/-/react-18.2.13.tgz",
      "integrity": "sha1-qYwJveixj4ACGTWxHS0p719Nyy8=",
      "dev": true,
      "license": "MIT",
      "dependencies": {
        "@types/prop-types": "*",
        "@types/scheduler": "*",
        "csstype": "^3.0.2"
      }
    },
    "node_modules/@types/scheduler": {
      "version": "0.16.3",
      "resolved": "https://artifactory.g.devqa.gcp.dev.paypalinc.com/artifactory/api/npm/npm-all/@types/scheduler/-/scheduler-0.16.3.tgz",
      "integrity": "sha1-zvCePsmvHWPSpsxbODpzfiTm3PU=",
      "dev": true,
      "license": "MIT"
    },
    "node_modules/busboy": {
      "version": "1.6.0",
      "resolved": "https://artifactory.g.devqa.gcp.dev.paypalinc.com/artifactory/api/npm/npm-all/busboy/-/busboy-1.6.0.tgz",
      "integrity": "sha1-lm6japUC5DzbkUaWJSO5L1MfaJM=",
      "dependencies": {
        "streamsearch": "^1.1.0"
      },
      "engines": {
        "node": ">=10.16.0"
      }
    },
    "node_modules/caniuse-lite": {
      "version": "1.0.30001505",
      "resolved": "https://artifactory.g.devqa.gcp.dev.paypalinc.com/artifactory/api/npm/npm-all/caniuse-lite/-/caniuse-lite-1.0.30001505.tgz",
      "integrity": "sha1-EKND5J0xy7/a4pjvc8sKn0ZnDcU=",
      "funding": [
        {
          "type": "opencollective",
          "url": "https://opencollective.com/browserslist"
        },
        {
          "type": "tidelift",
          "url": "https://tidelift.com/funding/github/npm/caniuse-lite"
        },
        {
          "type": "github",
          "url": "https://github.com/sponsors/ai"
        }
      ],
      "license": "CC-BY-4.0"
    },
    "node_modules/client-only": {
      "version": "0.0.1",
      "resolved": "https://artifactory.g.devqa.gcp.dev.paypalinc.com/artifactory/api/npm/npm-all/client-only/-/client-only-0.0.1.tgz",
      "integrity": "sha1-OLul1APEGrFQv/ZKlchQE89zvKE=",
      "license": "MIT"
    },
    "node_modules/csstype": {
      "version": "3.1.2",
      "resolved": "https://artifactory.g.devqa.gcp.dev.paypalinc.com/artifactory/api/npm/npm-all/csstype/-/csstype-3.1.2.tgz",
      "integrity": "sha1-HUv51XLxHBQDHwQ24cELwfVx9Qs=",
      "dev": true,
      "license": "MIT"
    },
    "node_modules/glob-to-regexp": {
      "version": "0.4.1",
      "resolved": "https://artifactory.g.devqa.gcp.dev.paypalinc.com/artifactory/api/npm/npm-all/glob-to-regexp/-/glob-to-regexp-0.4.1.tgz",
      "integrity": "sha1-x1KXCHyFG5pXi9IX3VmpL1n+VG4=",
      "license": "BSD-2-Clause"
    },
    "node_modules/graceful-fs": {
      "version": "4.2.11",
      "resolved": "https://artifactory.g.devqa.gcp.dev.paypalinc.com/artifactory/api/npm/npm-all/graceful-fs/-/graceful-fs-4.2.11.tgz",
      "integrity": "sha1-QYPk6L8Iu24Fu7L30uDI9xLKQOM=",
      "license": "ISC"
    },
    "node_modules/js-tokens": {
      "version": "4.0.0",
      "resolved": "https://artifactory.g.devqa.gcp.dev.paypalinc.com/artifactory/api/npm/npm-all/js-tokens/-/js-tokens-4.0.0.tgz",
      "integrity": "sha1-GSA/tZmR35jjoocFDUZHzerzJJk=",
      "license": "MIT",
      "peer": true
    },
    "node_modules/loose-envify": {
      "version": "1.4.0",
      "resolved": "https://artifactory.g.devqa.gcp.dev.paypalinc.com/artifactory/api/npm/npm-all/loose-envify/-/loose-envify-1.4.0.tgz",
      "integrity": "sha1-ce5R+nvkyuwaY4OffmgtgTLTDK8=",
      "license": "MIT",
      "peer": true,
      "dependencies": {
        "js-tokens": "^3.0.0 || ^4.0.0"
      },
      "bin": {
        "loose-envify": "cli.js"
      }
    },
    "node_modules/nanoid": {
      "version": "3.3.6",
      "resolved": "https://artifactory.g.devqa.gcp.dev.paypalinc.com/artifactory/api/npm/npm-all/nanoid/-/nanoid-3.3.6.tgz",
      "integrity": "sha1-RDOAyFbW6fmCQmfZYLQjatWD6kw=",
      "funding": [
        {
          "type": "github",
          "url": "https://github.com/sponsors/ai"
        }
      ],
      "license": "MIT",
      "bin": {
        "nanoid": "bin/nanoid.cjs"
      },
      "engines": {
        "node": "^10 || ^12 || ^13.7 || ^14 || >=15.0.1"
      }
    },
    "node_modules/next": {
      "version": "13.4.6",
      "resolved": "https://artifactory.g.devqa.gcp.dev.paypalinc.com/artifactory/api/npm/npm-all/next/-/next-13.4.6.tgz",
      "integrity": "sha1-6+UvXHTWAXbUW0XnPyWlEQNxPqQ=",
      "license": "MIT",
      "dependencies": {
        "@next/env": "13.4.6",
        "@swc/helpers": "0.5.1",
        "busboy": "1.6.0",
        "caniuse-lite": "^1.0.30001406",
        "postcss": "8.4.14",
        "styled-jsx": "5.1.1",
        "watchpack": "2.4.0",
        "zod": "3.21.4"
      },
      "bin": {
        "next": "dist/bin/next"
      },
      "engines": {
        "node": ">=16.8.0"
      },
      "optionalDependencies": {
        "@next/swc-darwin-arm64": "13.4.6",
        "@next/swc-darwin-x64": "13.4.6",
        "@next/swc-linux-arm64-gnu": "13.4.6",
        "@next/swc-linux-arm64-musl": "13.4.6",
        "@next/swc-linux-x64-gnu": "13.4.6",
        "@next/swc-linux-x64-musl": "13.4.6",
        "@next/swc-win32-arm64-msvc": "13.4.6",
        "@next/swc-win32-ia32-msvc": "13.4.6",
        "@next/swc-win32-x64-msvc": "13.4.6"
      },
      "peerDependencies": {
        "@opentelemetry/api": "^1.1.0",
        "fibers": ">= 3.1.0",
        "react": "^18.2.0",
        "react-dom": "^18.2.0",
        "sass": "^1.3.0"
      },
      "peerDependenciesMeta": {
        "@opentelemetry/api": {
          "optional": true
        },
        "fibers": {
          "optional": true
        },
        "sass": {
          "optional": true
        }
      }
    },
    "node_modules/picocolors": {
      "version": "1.0.0",
      "resolved": "https://artifactory.g.devqa.gcp.dev.paypalinc.com/artifactory/api/npm/npm-all/picocolors/-/picocolors-1.0.0.tgz",
      "integrity": "sha1-y1vcdP8/UYkiNur3nWi8RFZKuBw=",
      "license": "ISC"
    },
    "node_modules/postcss": {
      "version": "8.4.14",
      "resolved": "https://artifactory.g.devqa.gcp.dev.paypalinc.com/artifactory/api/npm/npm-all/postcss/-/postcss-8.4.14.tgz",
      "integrity": "sha1-7pJ01WIrSFjBAHp0125C5W/SHK8=",
      "funding": [
        {
          "type": "opencollective",
          "url": "https://opencollective.com/postcss/"
        },
        {
          "type": "tidelift",
          "url": "https://tidelift.com/funding/github/npm/postcss"
        }
      ],
      "license": "MIT",
      "dependencies": {
        "nanoid": "^3.3.4",
        "picocolors": "^1.0.0",
        "source-map-js": "^1.0.2"
      },
      "engines": {
        "node": "^10 || ^12 || >=14"
      }
    },
    "node_modules/react": {
      "version": "18.2.0",
      "resolved": "https://artifactory.g.devqa.gcp.dev.paypalinc.com/artifactory/api/npm/npm-all/react/-/react-18.2.0.tgz",
      "integrity": "sha1-VVvZhZKIMlX6AN4U8RUakXtdd9U=",
      "license": "MIT",
      "peer": true,
      "dependencies": {
        "loose-envify": "^1.1.0"
      },
      "engines": {
        "node": ">=0.10.0"
      }
    },
    "node_modules/react-dom": {
      "version": "18.2.0",
      "resolved": "https://artifactory.g.devqa.gcp.dev.paypalinc.com/artifactory/api/npm/npm-all/react-dom/-/react-dom-18.2.0.tgz",
      "integrity": "sha1-IqrzhwjbJnTtmtoiTKSqcI2CHj0=",
      "license": "MIT",
      "peer": true,
      "dependencies": {
        "loose-envify": "^1.1.0",
        "scheduler": "^0.23.0"
      },
      "peerDependencies": {
        "react": "^18.2.0"
      }
    },
    "node_modules/scheduler": {
      "version": "0.23.0",
      "resolved": "https://artifactory.g.devqa.gcp.dev.paypalinc.com/artifactory/api/npm/npm-all/scheduler/-/scheduler-0.23.0.tgz",
      "integrity": "sha1-uoBBr8PTDrIGpIe2s4QALk5h/f4=",
      "license": "MIT",
      "peer": true,
      "dependencies": {
        "loose-envify": "^1.1.0"
      }
    },
    "node_modules/source-map-js": {
      "version": "1.0.2",
      "resolved": "https://artifactory.g.devqa.gcp.dev.paypalinc.com/artifactory/api/npm/npm-all/source-map-js/-/source-map-js-1.0.2.tgz",
      "integrity": "sha1-rbw2HZxi3zgBJefxYfccgm8eSQw=",
      "license": "BSD-3-Clause",
      "engines": {
        "node": ">=0.10.0"
      }
    },
    "node_modules/streamsearch": {
      "version": "1.1.0",
      "resolved": "https://artifactory.g.devqa.gcp.dev.paypalinc.com/artifactory/api/npm/npm-all/streamsearch/-/streamsearch-1.1.0.tgz",
      "integrity": "sha1-QE3R4iR8qUr1VOhBqO8OqiONp2Q=",
      "engines": {
        "node": ">=10.0.0"
      }
    },
    "node_modules/styled-jsx": {
      "version": "5.1.1",
      "resolved": "https://artifactory.g.devqa.gcp.dev.paypalinc.com/artifactory/api/npm/npm-all/styled-jsx/-/styled-jsx-5.1.1.tgz",
      "integrity": "sha1-g5ocOqrMTnNf7QeBuGGepdAAnR8=",
      "license": "MIT",
      "dependencies": {
        "client-only": "0.0.1"
      },
      "engines": {
        "node": ">= 12.0.0"
      },
      "peerDependencies": {
        "react": ">= 16.8.0 || 17.x.x || ^18.0.0-0"
      },
      "peerDependenciesMeta": {
        "@babel/core": {
          "optional": true
        },
        "babel-plugin-macros": {
          "optional": true
        }
      }
    },
    "node_modules/tslib": {
      "version": "2.5.3",
      "resolved": "https://artifactory.g.devqa.gcp.dev.paypalinc.com/artifactory/api/npm/npm-all/tslib/-/tslib-2.5.3.tgz",
      "integrity": "sha1-JJRLotmQlA5umCxL6hR6uoAgmRM=",
      "license": "0BSD"
    },
    "node_modules/typescript": {
      "version": "5.1.3",
      "resolved": "https://artifactory.g.devqa.gcp.dev.paypalinc.com/artifactory/api/npm/npm-all/typescript/-/typescript-5.1.3.tgz",
      "integrity": "sha1-jYQhkkSmtAtvsrM8wcBi9xW56CY=",
      "dev": true,
      "license": "Apache-2.0",
      "bin": {
        "tsc": "bin/tsc",
        "tsserver": "bin/tsserver"
      },
      "engines": {
        "node": ">=14.17"
      }
    },
    "node_modules/watchpack": {
      "version": "2.4.0",
      "resolved": "https://artifactory.g.devqa.gcp.dev.paypalinc.com/artifactory/api/npm/npm-all/watchpack/-/watchpack-2.4.0.tgz",
      "integrity": "sha1-+jMDI3SWLHgRP5PH8vtMVMmGKl0=",
      "license": "MIT",
      "dependencies": {
        "glob-to-regexp": "^0.4.1",
        "graceful-fs": "^4.1.2"
      },
      "engines": {
        "node": ">=10.13.0"
      }
    },
    "node_modules/zod": {
      "version": "3.21.4",
      "resolved": "https://artifactory.g.devqa.gcp.dev.paypalinc.com/artifactory/api/npm/npm-all/zod/-/zod-3.21.4.tgz",
      "integrity": "sha1-EIgiMdmSUZ8KELXdWKOMnau7ZNs=",
      "license": "MIT",
      "funding": {
        "url": "https://github.com/sponsors/colinhacks"
      }
    }
  },
  "dependencies": {
    "@next/env": {
      "version": "13.4.6",
      "resolved": "https://artifactory.g.devqa.gcp.dev.paypalinc.com/artifactory/api/npm/npm-all/@next/env/-/env-13.4.6.tgz",
      "integrity": "sha1-PyBBx3WGYNclVweuTLkWZRkRPeo="
    },
    "@next/swc-darwin-arm64": {
      "version": "13.4.6",
      "resolved": "https://artifactory.g.devqa.gcp.dev.paypalinc.com/artifactory/api/npm/npm-all/@next/swc-darwin-arm64/-/swc-darwin-arm64-13.4.6.tgz",
      "integrity": "sha1-R0hfPeruZoG0pANsdLucS3KNXd0=",
      "optional": true
    },
    "@next/swc-darwin-x64": {
      "version": "13.4.6",
      "resolved": "https://artifactory.g.devqa.gcp.dev.paypalinc.com/artifactory/api/npm/npm-all/@next/swc-darwin-x64/-/swc-darwin-x64-13.4.6.tgz",
      "integrity": "sha1-pqWyMuwPIHkiT7jta/EdxHmvGs8=",
      "optional": true
    },
    "@next/swc-linux-arm64-gnu": {
      "version": "13.4.6",
      "resolved": "https://artifactory.g.devqa.gcp.dev.paypalinc.com/artifactory/api/npm/npm-all/@next/swc-linux-arm64-gnu/-/swc-linux-arm64-gnu-13.4.6.tgz",
      "integrity": "sha1-KmcUToY9nEX9vRPHgnNw5/KihAU=",
      "optional": true
    },
    "@next/swc-linux-arm64-musl": {
      "version": "13.4.6",
      "resolved": "https://artifactory.g.devqa.gcp.dev.paypalinc.com/artifactory/api/npm/npm-all/@next/swc-linux-arm64-musl/-/swc-linux-arm64-musl-13.4.6.tgz",
      "integrity": "sha1-Whkaw1dacFmOnpxucmT8C4qQsts=",
      "optional": true
    },
    "@next/swc-linux-x64-gnu": {
      "version": "13.4.6",
      "resolved": "https://artifactory.g.devqa.gcp.dev.paypalinc.com/artifactory/api/npm/npm-all/@next/swc-linux-x64-gnu/-/swc-linux-x64-gnu-13.4.6.tgz",
      "integrity": "sha1-04rfhCqLj53kkkVDKP0yosUzUPM=",
      "optional": true
    },
    "@next/swc-linux-x64-musl": {
      "version": "13.4.6",
      "resolved": "https://artifactory.g.devqa.gcp.dev.paypalinc.com/artifactory/api/npm/npm-all/@next/swc-linux-x64-musl/-/swc-linux-x64-musl-13.4.6.tgz",
      "integrity": "sha1-dMdFd0NYt4vn+VjnqLfZOTbNbrw=",
      "optional": true
    },
    "@next/swc-win32-arm64-msvc": {
      "version": "13.4.6",
      "resolved": "https://artifactory.g.devqa.gcp.dev.paypalinc.com/artifactory/api/npm/npm-all/@next/swc-win32-arm64-msvc/-/swc-win32-arm64-msvc-13.4.6.tgz",
      "integrity": "sha1-Hh4CwXVXPmSAj8Gn6GUOPiF/Htw=",
      "optional": true
    },
    "@next/swc-win32-ia32-msvc": {
      "version": "13.4.6",
      "resolved": "https://artifactory.g.devqa.gcp.dev.paypalinc.com/artifactory/api/npm/npm-all/@next/swc-win32-ia32-msvc/-/swc-win32-ia32-msvc-13.4.6.tgz",
      "integrity": "sha1-K1KK4+x/bnJ/Tw2BoQFfY9pVx6Y=",
      "optional": true
    },
    "@next/swc-win32-x64-msvc": {
      "version": "13.4.6",
      "resolved": "https://artifactory.g.devqa.gcp.dev.paypalinc.com/artifactory/api/npm/npm-all/@next/swc-win32-x64-msvc/-/swc-win32-x64-msvc-13.4.6.tgz",
      "integrity": "sha1-OGIL1oJn/xPlDs1DLxgi6sUTgqg=",
      "optional": true
    },
    "@swc/helpers": {
      "version": "0.5.1",
      "resolved": "https://artifactory.g.devqa.gcp.dev.paypalinc.com/artifactory/api/npm/npm-all/@swc/helpers/-/helpers-0.5.1.tgz",
      "integrity": "sha1-6QMUkao/Jr/Ml0pn9IvUVsilNXo=",
      "requires": {
        "tslib": "^2.4.0"
      }
    },
    "@types/node": {
      "version": "20.3.1",
      "resolved": "https://artifactory.g.devqa.gcp.dev.paypalinc.com/artifactory/api/npm/npm-all/@types/node/-/node-20.3.1.tgz",
      "integrity": "sha1-6Kg/Gqi2STd7sftde6xcuQ54Tf4=",
      "dev": true
    },
    "@types/prop-types": {
      "version": "15.7.5",
      "resolved": "https://artifactory.g.devqa.gcp.dev.paypalinc.com/artifactory/api/npm/npm-all/@types/prop-types/-/prop-types-15.7.5.tgz",
      "integrity": "sha1-XxnSuFqY6VWANvajysyIGUIPBc8=",
      "dev": true
    },
    "@types/react": {
      "version": "18.2.13",
      "resolved": "https://artifactory.g.devqa.gcp.dev.paypalinc.com/artifactory/api/npm/npm-all/@types/react/-/react-18.2.13.tgz",
      "integrity": "sha1-qYwJveixj4ACGTWxHS0p719Nyy8=",
      "dev": true,
      "requires": {
        "@types/prop-types": "*",
        "@types/scheduler": "*",
        "csstype": "^3.0.2"
      }
    },
    "@types/scheduler": {
      "version": "0.16.3",
      "resolved": "https://artifactory.g.devqa.gcp.dev.paypalinc.com/artifactory/api/npm/npm-all/@types/scheduler/-/scheduler-0.16.3.tgz",
      "integrity": "sha1-zvCePsmvHWPSpsxbODpzfiTm3PU=",
      "dev": true
    },
    "busboy": {
      "version": "1.6.0",
      "resolved": "https://artifactory.g.devqa.gcp.dev.paypalinc.com/artifactory/api/npm/npm-all/busboy/-/busboy-1.6.0.tgz",
      "integrity": "sha1-lm6japUC5DzbkUaWJSO5L1MfaJM=",
      "requires": {
        "streamsearch": "^1.1.0"
      }
    },
    "caniuse-lite": {
      "version": "1.0.30001505",
      "resolved": "https://artifactory.g.devqa.gcp.dev.paypalinc.com/artifactory/api/npm/npm-all/caniuse-lite/-/caniuse-lite-1.0.30001505.tgz",
      "integrity": "sha1-EKND5J0xy7/a4pjvc8sKn0ZnDcU="
    },
    "client-only": {
      "version": "0.0.1",
      "resolved": "https://artifactory.g.devqa.gcp.dev.paypalinc.com/artifactory/api/npm/npm-all/client-only/-/client-only-0.0.1.tgz",
      "integrity": "sha1-OLul1APEGrFQv/ZKlchQE89zvKE="
    },
    "csstype": {
      "version": "3.1.2",
      "resolved": "https://artifactory.g.devqa.gcp.dev.paypalinc.com/artifactory/api/npm/npm-all/csstype/-/csstype-3.1.2.tgz",
      "integrity": "sha1-HUv51XLxHBQDHwQ24cELwfVx9Qs=",
      "dev": true
    },
    "glob-to-regexp": {
      "version": "0.4.1",
      "resolved": "https://artifactory.g.devqa.gcp.dev.paypalinc.com/artifactory/api/npm/npm-all/glob-to-regexp/-/glob-to-regexp-0.4.1.tgz",
      "integrity": "sha1-x1KXCHyFG5pXi9IX3VmpL1n+VG4="
    },
    "graceful-fs": {
      "version": "4.2.11",
      "resolved": "https://artifactory.g.devqa.gcp.dev.paypalinc.com/artifactory/api/npm/npm-all/graceful-fs/-/graceful-fs-4.2.11.tgz",
      "integrity": "sha1-QYPk6L8Iu24Fu7L30uDI9xLKQOM="
    },
    "js-tokens": {
      "version": "4.0.0",
      "resolved": "https://artifactory.g.devqa.gcp.dev.paypalinc.com/artifactory/api/npm/npm-all/js-tokens/-/js-tokens-4.0.0.tgz",
      "integrity": "sha1-GSA/tZmR35jjoocFDUZHzerzJJk=",
      "peer": true
    },
    "loose-envify": {
      "version": "1.4.0",
      "resolved": "https://artifactory.g.devqa.gcp.dev.paypalinc.com/artifactory/api/npm/npm-all/loose-envify/-/loose-envify-1.4.0.tgz",
      "integrity": "sha1-ce5R+nvkyuwaY4OffmgtgTLTDK8=",
      "peer": true,
      "requires": {
        "js-tokens": "^3.0.0 || ^4.0.0"
      }
    },
    "nanoid": {
      "version": "3.3.6",
      "resolved": "https://artifactory.g.devqa.gcp.dev.paypalinc.com/artifactory/api/npm/npm-all/nanoid/-/nanoid-3.3.6.tgz",
      "integrity": "sha1-RDOAyFbW6fmCQmfZYLQjatWD6kw="
    },
    "next": {
      "version": "13.4.6",
      "resolved": "https://artifactory.g.devqa.gcp.dev.paypalinc.com/artifactory/api/npm/npm-all/next/-/next-13.4.6.tgz",
      "integrity": "sha1-6+UvXHTWAXbUW0XnPyWlEQNxPqQ=",
      "requires": {
        "@next/env": "13.4.6",
        "@next/swc-darwin-arm64": "13.4.6",
        "@next/swc-darwin-x64": "13.4.6",
        "@next/swc-linux-arm64-gnu": "13.4.6",
        "@next/swc-linux-arm64-musl": "13.4.6",
        "@next/swc-linux-x64-gnu": "13.4.6",
        "@next/swc-linux-x64-musl": "13.4.6",
        "@next/swc-win32-arm64-msvc": "13.4.6",
        "@next/swc-win32-ia32-msvc": "13.4.6",
        "@next/swc-win32-x64-msvc": "13.4.6",
        "@swc/helpers": "0.5.1",
        "busboy": "1.6.0",
        "caniuse-lite": "^1.0.30001406",
        "postcss": "8.4.14",
        "styled-jsx": "5.1.1",
        "watchpack": "2.4.0",
        "zod": "3.21.4"
      }
    },
    "picocolors": {
      "version": "1.0.0",
      "resolved": "https://artifactory.g.devqa.gcp.dev.paypalinc.com/artifactory/api/npm/npm-all/picocolors/-/picocolors-1.0.0.tgz",
      "integrity": "sha1-y1vcdP8/UYkiNur3nWi8RFZKuBw="
    },
    "postcss": {
      "version": "8.4.14",
      "resolved": "https://artifactory.g.devqa.gcp.dev.paypalinc.com/artifactory/api/npm/npm-all/postcss/-/postcss-8.4.14.tgz",
      "integrity": "sha1-7pJ01WIrSFjBAHp0125C5W/SHK8=",
      "requires": {
        "nanoid": "^3.3.4",
        "picocolors": "^1.0.0",
        "source-map-js": "^1.0.2"
      }
    },
    "react": {
      "version": "18.2.0",
      "resolved": "https://artifactory.g.devqa.gcp.dev.paypalinc.com/artifactory/api/npm/npm-all/react/-/react-18.2.0.tgz",
      "integrity": "sha1-VVvZhZKIMlX6AN4U8RUakXtdd9U=",
      "peer": true,
      "requires": {
        "loose-envify": "^1.1.0"
      }
    },
    "react-dom": {
      "version": "18.2.0",
      "resolved": "https://artifactory.g.devqa.gcp.dev.paypalinc.com/artifactory/api/npm/npm-all/react-dom/-/react-dom-18.2.0.tgz",
      "integrity": "sha1-IqrzhwjbJnTtmtoiTKSqcI2CHj0=",
      "peer": true,
      "requires": {
        "loose-envify": "^1.1.0",
        "scheduler": "^0.23.0"
      }
    },
    "scheduler": {
      "version": "0.23.0",
      "resolved": "https://artifactory.g.devqa.gcp.dev.paypalinc.com/artifactory/api/npm/npm-all/scheduler/-/scheduler-0.23.0.tgz",
      "integrity": "sha1-uoBBr8PTDrIGpIe2s4QALk5h/f4=",
      "peer": true,
      "requires": {
        "loose-envify": "^1.1.0"
      }
    },
    "source-map-js": {
      "version": "1.0.2",
      "resolved": "https://artifactory.g.devqa.gcp.dev.paypalinc.com/artifactory/api/npm/npm-all/source-map-js/-/source-map-js-1.0.2.tgz",
      "integrity": "sha1-rbw2HZxi3zgBJefxYfccgm8eSQw="
    },
    "streamsearch": {
      "version": "1.1.0",
      "resolved": "https://artifactory.g.devqa.gcp.dev.paypalinc.com/artifactory/api/npm/npm-all/streamsearch/-/streamsearch-1.1.0.tgz",
      "integrity": "sha1-QE3R4iR8qUr1VOhBqO8OqiONp2Q="
    },
    "styled-jsx": {
      "version": "5.1.1",
      "resolved": "https://artifactory.g.devqa.gcp.dev.paypalinc.com/artifactory/api/npm/npm-all/styled-jsx/-/styled-jsx-5.1.1.tgz",
      "integrity": "sha1-g5ocOqrMTnNf7QeBuGGepdAAnR8=",
      "requires": {
        "client-only": "0.0.1"
      }
    },
    "tslib": {
      "version": "2.5.3",
      "resolved": "https://artifactory.g.devqa.gcp.dev.paypalinc.com/artifactory/api/npm/npm-all/tslib/-/tslib-2.5.3.tgz",
      "integrity": "sha1-JJRLotmQlA5umCxL6hR6uoAgmRM="
    },
    "typescript": {
      "version": "5.1.3",
      "resolved": "https://artifactory.g.devqa.gcp.dev.paypalinc.com/artifactory/api/npm/npm-all/typescript/-/typescript-5.1.3.tgz",
      "integrity": "sha1-jYQhkkSmtAtvsrM8wcBi9xW56CY=",
      "dev": true
    },
    "watchpack": {
      "version": "2.4.0",
      "resolved": "https://artifactory.g.devqa.gcp.dev.paypalinc.com/artifactory/api/npm/npm-all/watchpack/-/watchpack-2.4.0.tgz",
      "integrity": "sha1-+jMDI3SWLHgRP5PH8vtMVMmGKl0=",
      "requires": {
        "glob-to-regexp": "^0.4.1",
        "graceful-fs": "^4.1.2"
      }
    },
    "zod": {
      "version": "3.21.4",
      "resolved": "https://artifactory.g.devqa.gcp.dev.paypalinc.com/artifactory/api/npm/npm-all/zod/-/zod-3.21.4.tgz",
      "integrity": "sha1-EIgiMdmSUZ8KELXdWKOMnau7ZNs="
    }
  }
}
